
Microsoft Visual Studio Solution File, Format Version 12.00
Project("{FAE04EC0-301F-11D3-BF4B-00C04F79EFBC}") = "Interfaces", "Interfaces\Interfaces.csproj", "{C0968A9D-4515-4E64-83DD-BA3C9D6368E0}"
EndProject
Global
	GlobalSection(SolutionConfigurationPlatforms) = preSolution
		Debug|Any CPU = Debug|Any CPU
		Release|Any CPU = Release|Any CPU
	EndGlobalSection
	GlobalSection(ProjectConfigurationPlatforms) = postSolution
		{C0968A9D-4515-4E64-83DD-BA3C9D6368E0}.Debug|Any CPU.ActiveCfg = Debug|Any CPU
		{C0968A9D-4515-4E64-83DD-BA3C9D6368E0}.Debug|Any CPU.Build.0 = Debug|Any CPU
		{C0968A9D-4515-4E64-83DD-BA3C9D6368E0}.Release|Any CPU.ActiveCfg = Release|Any CPU
		{C0968A9D-4515-4E64-83DD-BA3C9D6368E0}.Release|Any CPU.Build.0 = Release|Any CPU
	EndGlobalSection
EndGlobal
