
Microsoft Visual Studio Solution File, Format Version 12.00
Project("{FAE04EC0-301F-11D3-BF4B-00C04F79EFBC}") = "W1_T1", "W1_T1\W1_T1.csproj", "{73D37E67-52F1-4068-932F-28DFB55744FE}"
EndProject
Global
	GlobalSection(SolutionConfigurationPlatforms) = preSolution
		Debug|Any CPU = Debug|Any CPU
		Release|Any CPU = Release|Any CPU
	EndGlobalSection
	GlobalSection(ProjectConfigurationPlatforms) = postSolution
		{73D37E67-52F1-4068-932F-28DFB55744FE}.Debug|Any CPU.ActiveCfg = Debug|Any CPU
		{73D37E67-52F1-4068-932F-28DFB55744FE}.Debug|Any CPU.Build.0 = Debug|Any CPU
		{73D37E67-52F1-4068-932F-28DFB55744FE}.Release|Any CPU.ActiveCfg = Release|Any CPU
		{73D37E67-52F1-4068-932F-28DFB55744FE}.Release|Any CPU.Build.0 = Release|Any CPU
	EndGlobalSection
EndGlobal
