
Microsoft Visual Studio Solution File, Format Version 12.00
Project("{FAE04EC0-301F-11D3-BF4B-00C04F79EFBC}") = "Encapsulation", "Encapsulation\Encapsulation.csproj", "{CAFD0023-0426-4426-8B8D-96849FF68F43}"
EndProject
Global
	GlobalSection(SolutionConfigurationPlatforms) = preSolution
		Debug|Any CPU = Debug|Any CPU
		Release|Any CPU = Release|Any CPU
	EndGlobalSection
	GlobalSection(ProjectConfigurationPlatforms) = postSolution
		{CAFD0023-0426-4426-8B8D-96849FF68F43}.Debug|Any CPU.ActiveCfg = Debug|Any CPU
		{CAFD0023-0426-4426-8B8D-96849FF68F43}.Debug|Any CPU.Build.0 = Debug|Any CPU
		{CAFD0023-0426-4426-8B8D-96849FF68F43}.Release|Any CPU.ActiveCfg = Release|Any CPU
		{CAFD0023-0426-4426-8B8D-96849FF68F43}.Release|Any CPU.Build.0 = Release|Any CPU
	EndGlobalSection
EndGlobal
