
Microsoft Visual Studio Solution File, Format Version 12.00
Project("{FAE04EC0-301F-11D3-BF4B-00C04F79EFBC}") = "Linq", "Linq\Linq.csproj", "{85291DB1-B578-4A24-B13F-45FE74DF096A}"
EndProject
Global
	GlobalSection(SolutionConfigurationPlatforms) = preSolution
		Debug|Any CPU = Debug|Any CPU
		Release|Any CPU = Release|Any CPU
	EndGlobalSection
	GlobalSection(ProjectConfigurationPlatforms) = postSolution
		{85291DB1-B578-4A24-B13F-45FE74DF096A}.Debug|Any CPU.ActiveCfg = Debug|Any CPU
		{85291DB1-B578-4A24-B13F-45FE74DF096A}.Debug|Any CPU.Build.0 = Debug|Any CPU
		{85291DB1-B578-4A24-B13F-45FE74DF096A}.Release|Any CPU.ActiveCfg = Release|Any CPU
		{85291DB1-B578-4A24-B13F-45FE74DF096A}.Release|Any CPU.Build.0 = Release|Any CPU
	EndGlobalSection
EndGlobal
